
Microsoft Visual Studio Solution File, Format Version 12.00
# Visual Studio Version 17
VisualStudioVersion = 17.8.34309.116
MinimumVisualStudioVersion = 10.0.40219.1
Project("{2150E333-8FDC-42A3-9474-1A3956D46DE8}") = "Modules", "Modules", "{61AE0BF5-68D0-4650-B653-632886305602}"
EndProject
Project("{2150E333-8FDC-42A3-9474-1A3956D46DE8}") = "Runners", "Runners", "{22588772-957E-4FE3-BCBE-59561C5AF831}"
EndProject
Project("{2150E333-8FDC-42A3-9474-1A3956D46DE8}") = "Testers", "Testers", "{A73AEF6E-DEF6-463C-8CD1-660625FB5123}"
EndProject
Project("{9A19103F-16F7-4668-BE54-9A1E7A4F7556}") = "Joyn.DokRouter", "Modules\Joyn.DokRouter\Joyn.DokRouter.csproj", "{F61CA6EB-1821-49DC-BDFF-089B68E2870F}"
EndProject
Project("{9A19103F-16F7-4668-BE54-9A1E7A4F7556}") = "DokRouterTester", "Testers\DokRouterTester\DokRouterTester.csproj", "{0A0CCA1A-8FF8-48E4-BE6F-D7070D6EBBA2}"
EndProject
Project("{9A19103F-16F7-4668-BE54-9A1E7A4F7556}") = "DokRouterClientTester", "Testers\DokRouterClientTester\DokRouterClientTester.csproj", "{29711919-F86B-4188-839F-94834B44F1DC}"
EndProject
Project("{9A19103F-16F7-4668-BE54-9A1E7A4F7556}") = "Joyn.DokRouter.Common", "Modules\Joyn.DokRouter.Common\Joyn.DokRouter.Common.csproj", "{598F18E9-28FB-4908-A6F9-9E41FD95F40D}"
EndProject
Project("{9A19103F-16F7-4668-BE54-9A1E7A4F7556}") = "Joyn.DokRouter.MongoDAL", "Modules\Joyn.DokRouter.MongoDAL\Joyn.DokRouter.MongoDAL.csproj", "{7910C0A4-8FFE-480D-AA4A-29B4408F363C}"
EndProject
Project("{2150E333-8FDC-42A3-9474-1A3956D46DE8}") = "_docker", "_docker", "{10C74EBC-5AF1-48B4-8A9B-01FF9DEFB2FD}"
	ProjectSection(SolutionItems) = preProject
		..\docker\Joyn.DokRouterLLMDemo.DockerCompose.yml = ..\docker\Joyn.DokRouterLLMDemo.DockerCompose.yml
		..\docker\Joyn.DokRouterLLMDemo.Dockerfile = ..\docker\Joyn.DokRouterLLMDemo.Dockerfile
		..\docker\Joyn.DokRouterServer.DockerCompose.yml = ..\docker\Joyn.DokRouterServer.DockerCompose.yml
		..\docker\Joyn.DokRouterServer.Dockerfile = ..\docker\Joyn.DokRouterServer.Dockerfile
	EndProjectSection
EndProject
Project("{2150E333-8FDC-42A3-9474-1A3956D46DE8}") = "Solution Items", "Solution Items", "{32A749FF-249C-487A-835B-16CC9A2D3C12}"
EndProject
Project("{9A19103F-16F7-4668-BE54-9A1E7A4F7556}") = "Joyn.DokRouterLLMDemo", "Runners\Joyn.DokRouterLLMDemo\Joyn.DokRouterLLMDemo.csproj", "{AF4D3502-C2C9-4D39-BE35-B9A9C7AF4443}"
EndProject
Project("{9A19103F-16F7-4668-BE54-9A1E7A4F7556}") = "Joyn.DokRouterServer", "Runners\Joyn.DokRouterServer\Joyn.DokRouterServer.csproj", "{775B1A97-1813-4788-8363-9EDAFCBF4C9E}"
EndProject
Project("{FAE04EC0-301F-11D3-BF4B-00C04F79EFBC}") = "Joyn.LLMDriver", "Runners\Joyn.LLMDriver\Joyn.LLMDriver.csproj", "{1C32488E-5603-4567-88F1-15A06F3EE39C}"
EndProject
Global
	GlobalSection(SolutionConfigurationPlatforms) = preSolution
		Debug|Any CPU = Debug|Any CPU
		Release|Any CPU = Release|Any CPU
	EndGlobalSection
	GlobalSection(ProjectConfigurationPlatforms) = postSolution
		{F61CA6EB-1821-49DC-BDFF-089B68E2870F}.Debug|Any CPU.ActiveCfg = Debug|Any CPU
		{F61CA6EB-1821-49DC-BDFF-089B68E2870F}.Debug|Any CPU.Build.0 = Debug|Any CPU
		{F61CA6EB-1821-49DC-BDFF-089B68E2870F}.Release|Any CPU.ActiveCfg = Release|Any CPU
		{F61CA6EB-1821-49DC-BDFF-089B68E2870F}.Release|Any CPU.Build.0 = Release|Any CPU
		{0A0CCA1A-8FF8-48E4-BE6F-D7070D6EBBA2}.Debug|Any CPU.ActiveCfg = Debug|Any CPU
		{0A0CCA1A-8FF8-48E4-BE6F-D7070D6EBBA2}.Debug|Any CPU.Build.0 = Debug|Any CPU
		{0A0CCA1A-8FF8-48E4-BE6F-D7070D6EBBA2}.Release|Any CPU.ActiveCfg = Release|Any CPU
		{0A0CCA1A-8FF8-48E4-BE6F-D7070D6EBBA2}.Release|Any CPU.Build.0 = Release|Any CPU
		{29711919-F86B-4188-839F-94834B44F1DC}.Debug|Any CPU.ActiveCfg = Debug|Any CPU
		{29711919-F86B-4188-839F-94834B44F1DC}.Debug|Any CPU.Build.0 = Debug|Any CPU
		{29711919-F86B-4188-839F-94834B44F1DC}.Release|Any CPU.ActiveCfg = Release|Any CPU
		{29711919-F86B-4188-839F-94834B44F1DC}.Release|Any CPU.Build.0 = Release|Any CPU
		{598F18E9-28FB-4908-A6F9-9E41FD95F40D}.Debug|Any CPU.ActiveCfg = Debug|Any CPU
		{598F18E9-28FB-4908-A6F9-9E41FD95F40D}.Debug|Any CPU.Build.0 = Debug|Any CPU
		{598F18E9-28FB-4908-A6F9-9E41FD95F40D}.Release|Any CPU.ActiveCfg = Release|Any CPU
		{598F18E9-28FB-4908-A6F9-9E41FD95F40D}.Release|Any CPU.Build.0 = Release|Any CPU
		{7910C0A4-8FFE-480D-AA4A-29B4408F363C}.Debug|Any CPU.ActiveCfg = Debug|Any CPU
		{7910C0A4-8FFE-480D-AA4A-29B4408F363C}.Debug|Any CPU.Build.0 = Debug|Any CPU
		{7910C0A4-8FFE-480D-AA4A-29B4408F363C}.Release|Any CPU.ActiveCfg = Release|Any CPU
		{7910C0A4-8FFE-480D-AA4A-29B4408F363C}.Release|Any CPU.Build.0 = Release|Any CPU
		{AF4D3502-C2C9-4D39-BE35-B9A9C7AF4443}.Debug|Any CPU.ActiveCfg = Debug|Any CPU
		{AF4D3502-C2C9-4D39-BE35-B9A9C7AF4443}.Debug|Any CPU.Build.0 = Debug|Any CPU
		{AF4D3502-C2C9-4D39-BE35-B9A9C7AF4443}.Release|Any CPU.ActiveCfg = Release|Any CPU
		{AF4D3502-C2C9-4D39-BE35-B9A9C7AF4443}.Release|Any CPU.Build.0 = Release|Any CPU
		{775B1A97-1813-4788-8363-9EDAFCBF4C9E}.Debug|Any CPU.ActiveCfg = Debug|Any CPU
		{775B1A97-1813-4788-8363-9EDAFCBF4C9E}.Debug|Any CPU.Build.0 = Debug|Any CPU
		{775B1A97-1813-4788-8363-9EDAFCBF4C9E}.Release|Any CPU.ActiveCfg = Release|Any CPU
		{775B1A97-1813-4788-8363-9EDAFCBF4C9E}.Release|Any CPU.Build.0 = Release|Any CPU
		{1C32488E-5603-4567-88F1-15A06F3EE39C}.Debug|Any CPU.ActiveCfg = Debug|Any CPU
		{1C32488E-5603-4567-88F1-15A06F3EE39C}.Debug|Any CPU.Build.0 = Debug|Any CPU
		{1C32488E-5603-4567-88F1-15A06F3EE39C}.Release|Any CPU.ActiveCfg = Release|Any CPU
		{1C32488E-5603-4567-88F1-15A06F3EE39C}.Release|Any CPU.Build.0 = Release|Any CPU
	EndGlobalSection
	GlobalSection(SolutionProperties) = preSolution
		HideSolutionNode = FALSE
	EndGlobalSection
	GlobalSection(NestedProjects) = preSolution
		{F61CA6EB-1821-49DC-BDFF-089B68E2870F} = {61AE0BF5-68D0-4650-B653-632886305602}
		{0A0CCA1A-8FF8-48E4-BE6F-D7070D6EBBA2} = {A73AEF6E-DEF6-463C-8CD1-660625FB5123}
		{29711919-F86B-4188-839F-94834B44F1DC} = {A73AEF6E-DEF6-463C-8CD1-660625FB5123}
		{598F18E9-28FB-4908-A6F9-9E41FD95F40D} = {61AE0BF5-68D0-4650-B653-632886305602}
		{7910C0A4-8FFE-480D-AA4A-29B4408F363C} = {61AE0BF5-68D0-4650-B653-632886305602}
		{AF4D3502-C2C9-4D39-BE35-B9A9C7AF4443} = {22588772-957E-4FE3-BCBE-59561C5AF831}
		{775B1A97-1813-4788-8363-9EDAFCBF4C9E} = {22588772-957E-4FE3-BCBE-59561C5AF831}
		{1C32488E-5603-4567-88F1-15A06F3EE39C} = {22588772-957E-4FE3-BCBE-59561C5AF831}
	EndGlobalSection
	GlobalSection(ExtensibilityGlobals) = postSolution
		SolutionGuid = {A47E8118-77E3-44E0-AC47-FD0A66CC41FE}
	EndGlobalSection
EndGlobal
