
Microsoft Visual Studio Solution File, Format Version 12.00
# Visual Studio Version 17
VisualStudioVersion = 17.8.34309.116
MinimumVisualStudioVersion = 10.0.40219.1
Project("{2150E333-8FDC-42A3-9474-1A3956D46DE8}") = "Modules", "Modules", "{61AE0BF5-68D0-4650-B653-632886305602}"
EndProject
Project("{2150E333-8FDC-42A3-9474-1A3956D46DE8}") = "Runners", "Runners", "{22588772-957E-4FE3-BCBE-59561C5AF831}"
EndProject
Project("{2150E333-8FDC-42A3-9474-1A3956D46DE8}") = "Testers", "Testers", "{A73AEF6E-DEF6-463C-8CD1-660625FB5123}"
EndProject
Project("{9A19103F-16F7-4668-BE54-9A1E7A4F7556}") = "Joyn.DokRouter", "Modules\Joyn.DokRouter\Joyn.DokRouter.csproj", "{F61CA6EB-1821-49DC-BDFF-089B68E2870F}"
EndProject
Project("{9A19103F-16F7-4668-BE54-9A1E7A4F7556}") = "DokRouterTester", "Testers\DokRouterTester\DokRouterTester.csproj", "{0A0CCA1A-8FF8-48E4-BE6F-D7070D6EBBA2}"
EndProject
Project("{9A19103F-16F7-4668-BE54-9A1E7A4F7556}") = "DokRouterClientTester", "Testers\DokRouterClientTester\DokRouterClientTester.csproj", "{29711919-F86B-4188-839F-94834B44F1DC}"
EndProject
Project("{9A19103F-16F7-4668-BE54-9A1E7A4F7556}") = "DokRouterServerTester", "Testers\DokRouterServerTester\DokRouterServerTester.csproj", "{0EA4827F-D7B1-47C4-BF0F-224B66CB80EF}"
EndProject
Project("{9A19103F-16F7-4668-BE54-9A1E7A4F7556}") = "Joyn.DokRouter.Common", "Modules\Joyn.DokRouter.Common\Joyn.DokRouter.Common.csproj", "{598F18E9-28FB-4908-A6F9-9E41FD95F40D}"
EndProject
Project("{9A19103F-16F7-4668-BE54-9A1E7A4F7556}") = "Joyn.DokRouter.MongoDAL", "Modules\Joyn.DokRouter.MongoDAL\Joyn.DokRouter.MongoDAL.csproj", "{7910C0A4-8FFE-480D-AA4A-29B4408F363C}"
EndProject
Project("{FAE04EC0-301F-11D3-BF4B-00C04F79EFBC}") = "DokRouterLLMDemo", "Runners\DokRouterLLMDemo\DokRouterLLMDemo.csproj", "{4E29D432-A8F4-47DD-ACE6-310DFA01A306}"
EndProject
Global
	GlobalSection(SolutionConfigurationPlatforms) = preSolution
		Debug|Any CPU = Debug|Any CPU
		Release|Any CPU = Release|Any CPU
	EndGlobalSection
	GlobalSection(ProjectConfigurationPlatforms) = postSolution
		{F61CA6EB-1821-49DC-BDFF-089B68E2870F}.Debug|Any CPU.ActiveCfg = Debug|Any CPU
		{F61CA6EB-1821-49DC-BDFF-089B68E2870F}.Debug|Any CPU.Build.0 = Debug|Any CPU
		{F61CA6EB-1821-49DC-BDFF-089B68E2870F}.Release|Any CPU.ActiveCfg = Release|Any CPU
		{F61CA6EB-1821-49DC-BDFF-089B68E2870F}.Release|Any CPU.Build.0 = Release|Any CPU
		{0A0CCA1A-8FF8-48E4-BE6F-D7070D6EBBA2}.Debug|Any CPU.ActiveCfg = Debug|Any CPU
		{0A0CCA1A-8FF8-48E4-BE6F-D7070D6EBBA2}.Debug|Any CPU.Build.0 = Debug|Any CPU
		{0A0CCA1A-8FF8-48E4-BE6F-D7070D6EBBA2}.Release|Any CPU.ActiveCfg = Release|Any CPU
		{0A0CCA1A-8FF8-48E4-BE6F-D7070D6EBBA2}.Release|Any CPU.Build.0 = Release|Any CPU
		{29711919-F86B-4188-839F-94834B44F1DC}.Debug|Any CPU.ActiveCfg = Debug|Any CPU
		{29711919-F86B-4188-839F-94834B44F1DC}.Debug|Any CPU.Build.0 = Debug|Any CPU
		{29711919-F86B-4188-839F-94834B44F1DC}.Release|Any CPU.ActiveCfg = Release|Any CPU
		{29711919-F86B-4188-839F-94834B44F1DC}.Release|Any CPU.Build.0 = Release|Any CPU
		{0EA4827F-D7B1-47C4-BF0F-224B66CB80EF}.Debug|Any CPU.ActiveCfg = Debug|Any CPU
		{0EA4827F-D7B1-47C4-BF0F-224B66CB80EF}.Debug|Any CPU.Build.0 = Debug|Any CPU
		{0EA4827F-D7B1-47C4-BF0F-224B66CB80EF}.Release|Any CPU.ActiveCfg = Release|Any CPU
		{0EA4827F-D7B1-47C4-BF0F-224B66CB80EF}.Release|Any CPU.Build.0 = Release|Any CPU
		{598F18E9-28FB-4908-A6F9-9E41FD95F40D}.Debug|Any CPU.ActiveCfg = Debug|Any CPU
		{598F18E9-28FB-4908-A6F9-9E41FD95F40D}.Debug|Any CPU.Build.0 = Debug|Any CPU
		{598F18E9-28FB-4908-A6F9-9E41FD95F40D}.Release|Any CPU.ActiveCfg = Release|Any CPU
		{598F18E9-28FB-4908-A6F9-9E41FD95F40D}.Release|Any CPU.Build.0 = Release|Any CPU
		{7910C0A4-8FFE-480D-AA4A-29B4408F363C}.Debug|Any CPU.ActiveCfg = Debug|Any CPU
		{7910C0A4-8FFE-480D-AA4A-29B4408F363C}.Debug|Any CPU.Build.0 = Debug|Any CPU
		{7910C0A4-8FFE-480D-AA4A-29B4408F363C}.Release|Any CPU.ActiveCfg = Release|Any CPU
		{7910C0A4-8FFE-480D-AA4A-29B4408F363C}.Release|Any CPU.Build.0 = Release|Any CPU
		{4E29D432-A8F4-47DD-ACE6-310DFA01A306}.Debug|Any CPU.ActiveCfg = Debug|Any CPU
		{4E29D432-A8F4-47DD-ACE6-310DFA01A306}.Debug|Any CPU.Build.0 = Debug|Any CPU
		{4E29D432-A8F4-47DD-ACE6-310DFA01A306}.Release|Any CPU.ActiveCfg = Release|Any CPU
		{4E29D432-A8F4-47DD-ACE6-310DFA01A306}.Release|Any CPU.Build.0 = Release|Any CPU
	EndGlobalSection
	GlobalSection(SolutionProperties) = preSolution
		HideSolutionNode = FALSE
	EndGlobalSection
	GlobalSection(NestedProjects) = preSolution
		{F61CA6EB-1821-49DC-BDFF-089B68E2870F} = {61AE0BF5-68D0-4650-B653-632886305602}
		{0A0CCA1A-8FF8-48E4-BE6F-D7070D6EBBA2} = {A73AEF6E-DEF6-463C-8CD1-660625FB5123}
		{29711919-F86B-4188-839F-94834B44F1DC} = {A73AEF6E-DEF6-463C-8CD1-660625FB5123}
		{0EA4827F-D7B1-47C4-BF0F-224B66CB80EF} = {A73AEF6E-DEF6-463C-8CD1-660625FB5123}
		{598F18E9-28FB-4908-A6F9-9E41FD95F40D} = {61AE0BF5-68D0-4650-B653-632886305602}
		{7910C0A4-8FFE-480D-AA4A-29B4408F363C} = {61AE0BF5-68D0-4650-B653-632886305602}
		{4E29D432-A8F4-47DD-ACE6-310DFA01A306} = {22588772-957E-4FE3-BCBE-59561C5AF831}
	EndGlobalSection
	GlobalSection(ExtensibilityGlobals) = postSolution
		SolutionGuid = {A47E8118-77E3-44E0-AC47-FD0A66CC41FE}
	EndGlobalSection
EndGlobal
